
Microsoft Visual Studio Solution File, Format Version 12.00
Project("{FAE04EC0-301F-11D3-BF4B-00C04F79EFBC}") = "PetshopAPISystem", "PetshopAPISystem\PetshopAPISystem.csproj", "{999FE21F-E5FA-4966-B8C2-03F6582504EF}"
EndProject
Global
	GlobalSection(SolutionConfigurationPlatforms) = preSolution
		Debug|Any CPU = Debug|Any CPU
		Release|Any CPU = Release|Any CPU
	EndGlobalSection
	GlobalSection(ProjectConfigurationPlatforms) = postSolution
		{999FE21F-E5FA-4966-B8C2-03F6582504EF}.Debug|Any CPU.ActiveCfg = Debug|Any CPU
		{999FE21F-E5FA-4966-B8C2-03F6582504EF}.Debug|Any CPU.Build.0 = Debug|Any CPU
		{999FE21F-E5FA-4966-B8C2-03F6582504EF}.Release|Any CPU.ActiveCfg = Release|Any CPU
		{999FE21F-E5FA-4966-B8C2-03F6582504EF}.Release|Any CPU.Build.0 = Release|Any CPU
	EndGlobalSection
EndGlobal
